
Microsoft Visual Studio Solution File, Format Version 12.00
# Visual Studio Version 17
VisualStudioVersion = 17.2.32526.322
MinimumVisualStudioVersion = 10.0.40219.1
Project("{9A19103F-16F7-4668-BE54-9A1E7A4F7556}") = "VOD.UI", "VOD.UI\VOD.UI.csproj", "{4FDECFB7-62E3-4B20-8949-8F75452284B5}"
	ProjectSection(ProjectDependencies) = postProject
		{D7197DB4-FCFF-4801-8521-944F86766626} = {D7197DB4-FCFF-4801-8521-944F86766626}
		{D8FD76FC-EC7C-41C4-BB68-7CEF3872E5D4} = {D8FD76FC-EC7C-41C4-BB68-7CEF3872E5D4}
	EndProjectSection
EndProject
Project("{9A19103F-16F7-4668-BE54-9A1E7A4F7556}") = "VOD.Common", "VOD.Common\VOD.Common.csproj", "{D7197DB4-FCFF-4801-8521-944F86766626}"
EndProject
Project("{9A19103F-16F7-4668-BE54-9A1E7A4F7556}") = "VOD.Database", "Vod.Database\VOD.Database.csproj", "{D8FD76FC-EC7C-41C4-BB68-7CEF3872E5D4}"
	ProjectSection(ProjectDependencies) = postProject
		{D7197DB4-FCFF-4801-8521-944F86766626} = {D7197DB4-FCFF-4801-8521-944F86766626}
	EndProjectSection
EndProject
Project("{9A19103F-16F7-4668-BE54-9A1E7A4F7556}") = "VOD.Database.Tests", "VOD.DAL.Tests\VOD.Database.Tests.csproj", "{6DAEAECA-33BB-42CC-9DD7-418EA387DC0B}"
EndProject
Project("{9A19103F-16F7-4668-BE54-9A1E7A4F7556}") = "VOD.API", "VOD.API\VOD.API.csproj", "{A10C3FEF-F4E4-49E3-84B8-05D59812C405}"
EndProject
Project("{9A19103F-16F7-4668-BE54-9A1E7A4F7556}") = "VOD.Service", "VOD.Service\VOD.Service.csproj", "{4AC17247-CD0C-4FA7-A7CE-2DD4DAB12599}"
EndProject
Global
	GlobalSection(SolutionConfigurationPlatforms) = preSolution
		Debug|Any CPU = Debug|Any CPU
		Release|Any CPU = Release|Any CPU
	EndGlobalSection
	GlobalSection(ProjectConfigurationPlatforms) = postSolution
		{4FDECFB7-62E3-4B20-8949-8F75452284B5}.Debug|Any CPU.ActiveCfg = Debug|Any CPU
		{4FDECFB7-62E3-4B20-8949-8F75452284B5}.Debug|Any CPU.Build.0 = Debug|Any CPU
		{4FDECFB7-62E3-4B20-8949-8F75452284B5}.Release|Any CPU.ActiveCfg = Release|Any CPU
		{4FDECFB7-62E3-4B20-8949-8F75452284B5}.Release|Any CPU.Build.0 = Release|Any CPU
		{D7197DB4-FCFF-4801-8521-944F86766626}.Debug|Any CPU.ActiveCfg = Debug|Any CPU
		{D7197DB4-FCFF-4801-8521-944F86766626}.Debug|Any CPU.Build.0 = Debug|Any CPU
		{D7197DB4-FCFF-4801-8521-944F86766626}.Release|Any CPU.ActiveCfg = Release|Any CPU
		{D7197DB4-FCFF-4801-8521-944F86766626}.Release|Any CPU.Build.0 = Release|Any CPU
		{D8FD76FC-EC7C-41C4-BB68-7CEF3872E5D4}.Debug|Any CPU.ActiveCfg = Debug|Any CPU
		{D8FD76FC-EC7C-41C4-BB68-7CEF3872E5D4}.Debug|Any CPU.Build.0 = Debug|Any CPU
		{D8FD76FC-EC7C-41C4-BB68-7CEF3872E5D4}.Release|Any CPU.ActiveCfg = Release|Any CPU
		{D8FD76FC-EC7C-41C4-BB68-7CEF3872E5D4}.Release|Any CPU.Build.0 = Release|Any CPU
		{6DAEAECA-33BB-42CC-9DD7-418EA387DC0B}.Debug|Any CPU.ActiveCfg = Debug|Any CPU
		{6DAEAECA-33BB-42CC-9DD7-418EA387DC0B}.Debug|Any CPU.Build.0 = Debug|Any CPU
		{6DAEAECA-33BB-42CC-9DD7-418EA387DC0B}.Release|Any CPU.ActiveCfg = Release|Any CPU
		{6DAEAECA-33BB-42CC-9DD7-418EA387DC0B}.Release|Any CPU.Build.0 = Release|Any CPU
		{A10C3FEF-F4E4-49E3-84B8-05D59812C405}.Debug|Any CPU.ActiveCfg = Debug|Any CPU
		{A10C3FEF-F4E4-49E3-84B8-05D59812C405}.Debug|Any CPU.Build.0 = Debug|Any CPU
		{A10C3FEF-F4E4-49E3-84B8-05D59812C405}.Release|Any CPU.ActiveCfg = Release|Any CPU
		{A10C3FEF-F4E4-49E3-84B8-05D59812C405}.Release|Any CPU.Build.0 = Release|Any CPU
		{4AC17247-CD0C-4FA7-A7CE-2DD4DAB12599}.Debug|Any CPU.ActiveCfg = Debug|Any CPU
		{4AC17247-CD0C-4FA7-A7CE-2DD4DAB12599}.Debug|Any CPU.Build.0 = Debug|Any CPU
		{4AC17247-CD0C-4FA7-A7CE-2DD4DAB12599}.Release|Any CPU.ActiveCfg = Release|Any CPU
		{4AC17247-CD0C-4FA7-A7CE-2DD4DAB12599}.Release|Any CPU.Build.0 = Release|Any CPU
	EndGlobalSection
	GlobalSection(SolutionProperties) = preSolution
		HideSolutionNode = FALSE
	EndGlobalSection
	GlobalSection(ExtensibilityGlobals) = postSolution
		SolutionGuid = {9ED96B54-B4E0-40BF-82B5-9901BA2022DD}
	EndGlobalSection
EndGlobal
